<?xml version="1.0" encoding="utf-8"?>
<Project ToolsVersion="4.0" xmlns="http://schemas.microsoft.com/developer/msbuild/2003">
  <ItemGroup>
    <Filter Include="Source Files">
      <UniqueIdentifier>{4FC737F1-C7A5-4376-A066-2A32D752A2FF}</UniqueIdentifier>
      <Extensions>cpp;c;cc;cxx;c++;cppm;ixx;def;odl;idl;hpj;bat;asm;asmx</Extensions>
    </Filter>
    <Filter Include="Header Files">
      <UniqueIdentifier>{93995380-89BD-4b04-88EB-625FBE52EBFB}</UniqueIdentifier>
      <Extensions>h;hh;hpp;hxx;h++;hm;inl;inc;ipp;xsd</Extensions>
    </Filter>
    <Filter Include="Resource Files">
      <UniqueIdentifier>{67DA6AB6-F800-4c08-8B7A-83BB121AAD01}</UniqueIdentifier>
      <Extensions>rc;ico;cur;bmp;dlg;rc2;rct;bin;rgs;gif;jpg;jpeg;jpe;resx;tiff;tif;png;wav;mfcribbon-ms</Extensions>
    </Filter>
    <Filter Include="Header Files\D3D">
      <UniqueIdentifier>{ad1de764-a37d-41ba-b02d-a9db41fa46b8}</UniqueIdentifier>
    </Filter>
    <Filter Include="Source Files\D3D">
      <UniqueIdentifier>{042ff2d2-d2e3-402c-9db7-3670c6abcdd6}</UniqueIdentifier>
    </Filter>
    <Filter Include="Header Files\ObsoleteD3DApp">
      <UniqueIdentifier>{cb5f6fef-b31a-4fb7-8024-792eda9ed060}</UniqueIdentifier>
    </Filter>
    <Filter Include="Source Files\ObsoleteD3DApp">
      <UniqueIdentifier>{fe9b3927-cea1-4743-a1db-72328a0464b6}</UniqueIdentifier>
    </Filter>
    <Filter Include="Header Files\Launch">
      <UniqueIdentifier>{a4641541-5ac5-4c49-a17d-187e890a54d5}</UniqueIdentifier>
    </Filter>
    <Filter Include="Source Files\Launch">
      <UniqueIdentifier>{be8f2e74-755e-4f29-ae06-4ef807b8121b}</UniqueIdentifier>
    </Filter>
    <Filter Include="Source Files\Launch\Windows">
      <UniqueIdentifier>{6e7e9b4a-35b1-41f5-b304-8f78e2455675}</UniqueIdentifier>
    </Filter>
    <Filter Include="Header Files\Engine">
      <UniqueIdentifier>{150b1940-a904-4c5e-85c6-e31c195e1f49}</UniqueIdentifier>
    </Filter>
    <Filter Include="Source Files\Engine">
      <UniqueIdentifier>{45ecbb29-f53f-4319-913d-144a05b50dad}</UniqueIdentifier>
    </Filter>
    <Filter Include="Header Files\Window">
      <UniqueIdentifier>{44026549-8577-4129-a41f-af5be59d9b53}</UniqueIdentifier>
    </Filter>
    <Filter Include="Source Files\Window">
      <UniqueIdentifier>{e63bdf05-4bbf-4e23-a334-1a3daf731fd1}</UniqueIdentifier>
    </Filter>
    <Filter Include="Source Files\Window\Windows">
      <UniqueIdentifier>{f617f4d6-9aad-4603-9993-65571cd4e727}</UniqueIdentifier>
    </Filter>
    <Filter Include="Header Files\Window\Windows">
      <UniqueIdentifier>{7aa47901-0fb3-4254-88a2-434576c35a3e}</UniqueIdentifier>
    </Filter>
    <Filter Include="Header Files\Asset">
      <UniqueIdentifier>{b70ece51-ddc8-497c-86f8-aae38d8bc87a}</UniqueIdentifier>
    </Filter>
    <Filter Include="Source Files\Asset">
      <UniqueIdentifier>{2b5feb57-2700-478f-b8b7-6d4d7b874568}</UniqueIdentifier>
    </Filter>
    <Filter Include="Header Files\ObsoleteAPP">
      <UniqueIdentifier>{67988997-be63-4711-aac2-0b94ba4add78}</UniqueIdentifier>
    </Filter>
    <Filter Include="Source Files\ObsoleteAPP">
      <UniqueIdentifier>{b63604f6-b797-4da6-b595-a6a05c99f407}</UniqueIdentifier>
    </Filter>
    <Filter Include="Header Files\TopAPP">
      <UniqueIdentifier>{467815f6-1a05-47ba-8039-eefc72342a97}</UniqueIdentifier>
    </Filter>
    <Filter Include="Header Files\TopAPP\Windows">
      <UniqueIdentifier>{55e0f4c3-44cf-4edd-a3b0-f5ddc7baac58}</UniqueIdentifier>
    </Filter>
    <Filter Include="Source Files\TopAPP">
      <UniqueIdentifier>{8d629b26-f795-4a1d-95b4-dc8f000c4116}</UniqueIdentifier>
    </Filter>
    <Filter Include="Source Files\TopAPP\Windows">
      <UniqueIdentifier>{cd71728c-fd80-4b54-9592-4407f5f60376}</UniqueIdentifier>
    </Filter>
    <Filter Include="Header Files\Other">
      <UniqueIdentifier>{5c041193-2059-42dd-80fd-ee519cc4efab}</UniqueIdentifier>
    </Filter>
    <Filter Include="Header Files\RHI">
      <UniqueIdentifier>{308738bb-05b8-4bda-997d-94f847afd3e7}</UniqueIdentifier>
    </Filter>
    <Filter Include="Source Files\RHI">
      <UniqueIdentifier>{fef76344-aef6-4cc4-8702-b4f5380b2e0b}</UniqueIdentifier>
    </Filter>
    <Filter Include="Header Files\RHI\DX">
      <UniqueIdentifier>{a22386f1-9081-403d-b9be-39a3a8ff3726}</UniqueIdentifier>
    </Filter>
    <Filter Include="Header Files\RHI\OpenGL">
      <UniqueIdentifier>{cb4627f9-fc64-4ea5-baab-d963fbde7a4e}</UniqueIdentifier>
    </Filter>
    <Filter Include="Source Files\RHI\DX">
      <UniqueIdentifier>{1f05387f-1733-4f8c-a4bd-c81c16070388}</UniqueIdentifier>
    </Filter>
    <Filter Include="Source Files\RHI\OpenGL">
      <UniqueIdentifier>{059e8bea-3c75-4c63-b9d7-dca27ffff0a9}</UniqueIdentifier>
    </Filter>
    <Filter Include="Header Files\Render">
      <UniqueIdentifier>{5de24e74-1cf7-4a35-9540-64dd50c3747d}</UniqueIdentifier>
    </Filter>
    <Filter Include="Source Files\Render">
      <UniqueIdentifier>{dce855c4-52ce-459d-a8a2-6396757525cf}</UniqueIdentifier>
    </Filter>
    <Filter Include="Header Files\Shader">
      <UniqueIdentifier>{679d2b32-0720-4e15-9083-0eb63d71ce7e}</UniqueIdentifier>
    </Filter>
    <Filter Include="Header Files\RHIResourceManager">
      <UniqueIdentifier>{1f44bcf0-7dd1-4c52-a45d-42177b93b620}</UniqueIdentifier>
    </Filter>
    <Filter Include="Header Files\RHIResourceManager\RHIResource">
      <UniqueIdentifier>{a4a2d4bf-20c6-419a-9653-c6892d862924}</UniqueIdentifier>
    </Filter>
    <Filter Include="Source Files\RHIResourceManager">
      <UniqueIdentifier>{400962fd-503e-4605-aab5-8ec01fa9010b}</UniqueIdentifier>
    </Filter>
    <Filter Include="Source Files\RHIResourceManager\RHIResource">
      <UniqueIdentifier>{a3c17ffc-047e-468c-8e8f-73b887edfe62}</UniqueIdentifier>
    </Filter>
    <Filter Include="Header Files\RHIResourceManager\DXRHIResource">
      <UniqueIdentifier>{dd6bc117-aa96-47d0-91fa-93422759f84b}</UniqueIdentifier>
    </Filter>
    <Filter Include="Source Files\RHIResourceManager\DXRHIResource">
      <UniqueIdentifier>{e1da2102-d960-44c4-aeb5-7431549013e6}</UniqueIdentifier>
    </Filter>
  </ItemGroup>
  <ItemGroup>
    <ClInclude Include="stdafx.h">
      <Filter>Header Files</Filter>
    </ClInclude>
    <ClInclude Include="d3dUtil.h">
      <Filter>Header Files\D3D</Filter>
    </ClInclude>
    <ClInclude Include="d3dx12.h">
      <Filter>Header Files\D3D</Filter>
    </ClInclude>
    <ClInclude Include="GameTimer.h">
      <Filter>Header Files\D3D</Filter>
    </ClInclude>
    <ClInclude Include="MathHelper.h">
      <Filter>Header Files\D3D</Filter>
    </ClInclude>
    <ClInclude Include="UploadBuffer.h">
      <Filter>Header Files\D3D</Filter>
    </ClInclude>
    <ClInclude Include="App.h">
      <Filter>Header Files\ObsoleteAPP</Filter>
    </ClInclude>
    <ClInclude Include="WindowsApp.h">
      <Filter>Header Files\ObsoleteAPP</Filter>
    </ClInclude>
    <ClInclude Include="d3dApp.h">
      <Filter>Header Files\ObsoleteD3DApp</Filter>
    </ClInclude>
    <ClInclude Include="BoxApp.h">
      <Filter>Header Files\ObsoleteD3DApp</Filter>
    </ClInclude>
    <ClInclude Include="Launch.h">
      <Filter>Header Files\Launch</Filter>
    </ClInclude>
    <ClInclude Include="Engine.h">
      <Filter>Header Files\Engine</Filter>
    </ClInclude>
    <ClInclude Include="Window.h">
      <Filter>Header Files\Window</Filter>
    </ClInclude>
    <ClInclude Include="Win32Window.h">
      <Filter>Header Files\Window\Windows</Filter>
    </ClInclude>
    <ClInclude Include="AssetManager.h">
      <Filter>Header Files\Asset</Filter>
    </ClInclude>
    <ClInclude Include="ActorsInfo.h">
      <Filter>Header Files\Asset</Filter>
    </ClInclude>
    <ClInclude Include="StaticMesh.h">
      <Filter>Header Files\Asset</Filter>
    </ClInclude>
    <ClInclude Include="TopAPP.h">
      <Filter>Header Files\TopAPP</Filter>
    </ClInclude>
    <ClInclude Include="WindowsTopApp.h">
      <Filter>Header Files\TopAPP\Windows</Filter>
    </ClInclude>
    <ClInclude Include="FSingleton.h">
      <Filter>Header Files\Other</Filter>
    </ClInclude>
    <ClInclude Include="MeshGeometry.h">
      <Filter>Header Files\Asset</Filter>
    </ClInclude>
    <ClInclude Include="GameLogic.h">
      <Filter>Header Files\Engine</Filter>
    </ClInclude>
    <ClInclude Include="Camera.h">
      <Filter>Header Files\Engine</Filter>
    </ClInclude>
    <ClInclude Include="MyStruct.h">
      <Filter>Header Files\Other</Filter>
    </ClInclude>
    <ClInclude Include="MaterialSystem.h">
      <Filter>Header Files\Engine</Filter>
    </ClInclude>
    <ClInclude Include="Common\DDSTextureLoader.h">
      <Filter>Header Files\D3D</Filter>
    </ClInclude>
    <ClInclude Include="RHI.h">
      <Filter>Header Files\RHI</Filter>
    </ClInclude>
    <ClInclude Include="DXRHI.h">
      <Filter>Header Files\RHI\DX</Filter>
    </ClInclude>
    <ClInclude Include="OpenGLRHI.h">
      <Filter>Header Files\RHI\OpenGL</Filter>
    </ClInclude>
    <ClInclude Include="RHIResourceManager.h">
      <Filter>Header Files\RHIResourceManager</Filter>
    </ClInclude>
    <ClInclude Include="DXRHIResourceManager.h">
      <Filter>Header Files\RHIResourceManager</Filter>
    </ClInclude>
    <ClInclude Include="Renderer.h">
      <Filter>Header Files\Render</Filter>
    </ClInclude>
    <ClInclude Include="RenderResourceManager.h">
      <Filter>Header Files\Render</Filter>
    </ClInclude>
    <ClInclude Include="RHIFactory.h">
      <Filter>Header Files\RHIResourceManager\RHIResource</Filter>
    </ClInclude>
    <ClInclude Include="RHIDevice.h">
      <Filter>Header Files\RHIResourceManager\RHIResource</Filter>
    </ClInclude>
    <ClInclude Include="RHIResource_VBIBBuffer.h">
      <Filter>Header Files\RHIResourceManager\RHIResource</Filter>
    </ClInclude>
    <ClInclude Include="DXRHIDevice.h">
      <Filter>Header Files\RHIResourceManager\DXRHIResource</Filter>
    </ClInclude>
    <ClInclude Include="DXRHIFactory.h">
      <Filter>Header Files\RHIResourceManager\DXRHIResource</Filter>
    </ClInclude>
    <ClInclude Include="DXRHIResource_VBIBBuffer.h">
      <Filter>Header Files\RHIResourceManager\DXRHIResource</Filter>
    </ClInclude>
    <ClInclude Include="RHIResource_Shader.h">
      <Filter>Header Files\RHIResourceManager\RHIResource</Filter>
    </ClInclude>
    <ClInclude Include="DXRHIResource_Shader.h">
      <Filter>Header Files\RHIResourceManager\DXRHIResource</Filter>
    </ClInclude>
    <ClInclude Include="RHIResource_Texture.h">
      <Filter>Header Files\RHIResourceManager\RHIResource</Filter>
    </ClInclude>
    <ClInclude Include="DXRHIResource_Texture.h">
      <Filter>Header Files\RHIResourceManager\DXRHIResource</Filter>
    </ClInclude>
  </ItemGroup>
  <ItemGroup>
    <ClCompile Include="stdafx.cpp">
      <Filter>Source Files</Filter>
    </ClCompile>
    <ClCompile Include="Main.cpp">
      <Filter>Source Files</Filter>
    </ClCompile>
    <ClCompile Include="d3dUtil.cpp">
      <Filter>Source Files\D3D</Filter>
    </ClCompile>
    <ClCompile Include="GameTimer.cpp">
      <Filter>Source Files\D3D</Filter>
    </ClCompile>
    <ClCompile Include="MathHelper.cpp">
      <Filter>Source Files\D3D</Filter>
    </ClCompile>
    <ClCompile Include="WindowsApp.cpp">
      <Filter>Source Files\ObsoleteAPP</Filter>
    </ClCompile>
    <ClCompile Include="App.cpp">
      <Filter>Source Files\ObsoleteAPP</Filter>
    </ClCompile>
    <ClCompile Include="BoxApp.cpp">
      <Filter>Source Files\ObsoleteD3DApp</Filter>
    </ClCompile>
    <ClCompile Include="d3dApp.cpp">
      <Filter>Source Files\ObsoleteD3DApp</Filter>
    </ClCompile>
    <ClCompile Include="Launch.cpp">
      <Filter>Source Files\Launch</Filter>
    </ClCompile>
    <ClCompile Include="LaunchWindows.cpp">
      <Filter>Source Files\Launch\Windows</Filter>
    </ClCompile>
    <ClCompile Include="Engine.cpp">
      <Filter>Source Files\Engine</Filter>
    </ClCompile>
    <ClCompile Include="Window.cpp">
      <Filter>Source Files\Window</Filter>
    </ClCompile>
    <ClCompile Include="Win32Window.cpp">
      <Filter>Source Files\Window\Windows</Filter>
    </ClCompile>
    <ClCompile Include="ActorsInfo.cpp">
      <Filter>Source Files\Asset</Filter>
    </ClCompile>
    <ClCompile Include="AssetManager.cpp">
      <Filter>Source Files\Asset</Filter>
    </ClCompile>
    <ClCompile Include="StaticMesh.cpp">
      <Filter>Source Files\Asset</Filter>
    </ClCompile>
    <ClCompile Include="TopAPP.cpp">
      <Filter>Source Files\TopAPP</Filter>
    </ClCompile>
    <ClCompile Include="WindowsTopApp.cpp">
      <Filter>Source Files\TopAPP\Windows</Filter>
    </ClCompile>
    <ClCompile Include="GameLogic.cpp">
      <Filter>Source Files\Engine</Filter>
    </ClCompile>
    <ClCompile Include="Camera.cpp">
      <Filter>Source Files\Engine</Filter>
    </ClCompile>
    <ClCompile Include="MaterialSystem.cpp">
      <Filter>Source Files\Engine</Filter>
    </ClCompile>
    <ClCompile Include="Common\DDSTextureLoader.cpp">
      <Filter>Source Files\D3D</Filter>
    </ClCompile>
    <ClCompile Include="RHI.cpp">
      <Filter>Source Files\RHI</Filter>
    </ClCompile>
    <ClCompile Include="DXRHI.cpp">
      <Filter>Source Files\RHI\DX</Filter>
    </ClCompile>
    <ClCompile Include="OpenGLRHI.cpp">
      <Filter>Source Files\RHI\OpenGL</Filter>
    </ClCompile>
    <ClCompile Include="DXRHIResourceManager.cpp">
      <Filter>Source Files\RHIResourceManager</Filter>
    </ClCompile>
    <ClCompile Include="RHIResourceManager.cpp">
      <Filter>Source Files\RHIResourceManager</Filter>
    </ClCompile>
    <ClCompile Include="Renderer.cpp">
      <Filter>Source Files\Render</Filter>
    </ClCompile>
    <ClCompile Include="RenderResourceManager.cpp">
      <Filter>Source Files\Render</Filter>
    </ClCompile>
    <ClCompile Include="RHIDevice.cpp">
      <Filter>Source Files\RHIResourceManager\RHIResource</Filter>
    </ClCompile>
    <ClCompile Include="RHIFctory.cpp">
      <Filter>Source Files\RHIResourceManager\RHIResource</Filter>
    </ClCompile>
    <ClCompile Include="RHIResource_VBIBBuffer.cpp">
      <Filter>Source Files\RHIResourceManager\RHIResource</Filter>
    </ClCompile>
    <ClCompile Include="RHIResource_Shader.cpp">
      <Filter>Source Files\RHIResourceManager\RHIResource</Filter>
    </ClCompile>
    <ClCompile Include="DXRHIResource_Shader.cpp">
      <Filter>Source Files\RHIResourceManager\DXRHIResource</Filter>
    </ClCompile>
    <ClCompile Include="RHIResource_Texture.cpp">
      <Filter>Source Files\RHIResourceManager\RHIResource</Filter>
    </ClCompile>
    <ClCompile Include="DXRHIResource_Texture.cpp">
      <Filter>Source Files\RHIResourceManager\DXRHIResource</Filter>
    </ClCompile>
  </ItemGroup>
</Project>